lockfileVersion: '6.0'

importers:

  .:
    devDependencies:
      '@dev-sam/samlang-cli':
        specifier: workspace:0.8.0
        version: link:packages/samlang-cli
      '@types/node':
        specifier: ^20.3.0
        version: 20.3.0
      esbuild:
        specifier: ^0.18.0
        version: 0.18.0
      esbuild-plugin-wasm:
        specifier: ^1.1.0
        version: 1.1.0

  packages/samlang-cli: {}

  packages/samlang-vscode:
    devDependencies:
      '@types/vscode':
        specifier: 1.62.0
        version: 1.62.0
      vscode-languageclient:
        specifier: ^8.1.0
        version: 8.1.0

packages:

  /@esbuild/android-arm64@0.18.0:
    resolution: {integrity: sha512-nAwRCs5+jxi3gBMVkOqmRvsITB/UtfpvkbMwAwJUIbp66NnPbV2KGCFnjNn7IEqabJQXfBLe/QLdjCGpHU+yEw==}
    engines: {node: '>=12'}
    cpu: [arm64]
    os: [android]
    requiresBuild: true
    dev: true
    optional: true

  /@esbuild/android-arm@0.18.0:
    resolution: {integrity: sha512-+uLHSiWK3qOeyDYCf/nuvIgCnQsYjXWNa3TlGYLW1pPG7OYMawllU+VyBgHQPjF2aIUVFpfrvz5aAfxGk/0qNg==}
    engines: {node: '>=12'}
    cpu: [arm]
    os: [android]
    requiresBuild: true
    dev: true
    optional: true

  /@esbuild/android-x64@0.18.0:
    resolution: {integrity: sha512-TiOJmHQ8bXCGlYLpBd3Qy7N8dxi4n6q+nOmTzPr5Hb/bUr+PKuP4e5lWaOlpkaKc1Q9wsFt+sHfQpFCrM7SMow==}
    engines: {node: '>=12'}
    cpu: [x64]
    os: [android]
    requiresBuild: true
    dev: true
    optional: true

  /@esbuild/darwin-arm64@0.18.0:
    resolution: {integrity: sha512-5GsFovtGyjMIXJrcCzmI1hX3TneCrmFncFIlo0WrRvWcVU6H094P854ZaP8qoLgevXhggO2dhlEGYY0Zv6/S9Q==}
    engines: {node: '>=12'}
    cpu: [arm64]
    os: [darwin]
    requiresBuild: true
    dev: true
    optional: true

  /@esbuild/darwin-x64@0.18.0:
    resolution: {integrity: sha512-4K/QCksQ8F58rvC1D62Xi4q4E7YWpiyc3zy2H/n1W7y0hjQpOBBxciLn0qycMskP/m/I5h9HNbRlu1aK821sHg==}
    engines: {node: '>=12'}
    cpu: [x64]
    os: [darwin]
    requiresBuild: true
    dev: true
    optional: true

  /@esbuild/freebsd-arm64@0.18.0:
    resolution: {integrity: sha512-DMazN0UGzipD0Fi1O9pRX0xfp+JC3gSnFWxTWq88Dr/odWhZzm8Jqy44LN2veYeipb1fBMxhoEp7eCr902SWqg==}
    engines: {node: '>=12'}
    cpu: [arm64]
    os: [freebsd]
    requiresBuild: true
    dev: true
    optional: true

  /@esbuild/freebsd-x64@0.18.0:
    resolution: {integrity: sha512-GdkJAB3ZBiYnie9iFO9v/CM4ko0dm5SYkUs97lBKNLHw9mo4H9IXwGNKtUztisEsmUP0IWfEi4YTWOJF3DIO4w==}
    engines: {node: '>=12'}
    cpu: [x64]
    os: [freebsd]
    requiresBuild: true
    dev: true
    optional: true

  /@esbuild/linux-arm64@0.18.0:
    resolution: {integrity: sha512-Mb3yCN9PXA6G5qf84UF0IEuXP22eyNlquF17Zs2F1vVBM0CtyWLYosC5JaxBxfK6EzWwB2IkPBIjMeK3ek+ItA==}
    engines: {node: '>=12'}
    cpu: [arm64]
    os: [linux]
    requiresBuild: true
    dev: true
    optional: true

  /@esbuild/linux-arm@0.18.0:
    resolution: {integrity: sha512-A3Ue/oZdb43znNpeY71FrAjZF20MtnBKCGb1vXLIVg5qg8rRM1gRgn6X2ixYwATiw5dE04JnP+aV4OBf8c5ZvQ==}
    engines: {node: '>=12'}
    cpu: [arm]
    os: [linux]
    requiresBuild: true
    dev: true
    optional: true

  /@esbuild/linux-ia32@0.18.0:
    resolution: {integrity: sha512-WNDXgJdfDhN6ZxHU7HgR2BRDVx9iGN8SpmebUUGdENg4MZJndGcaQuf2kCJjMwoK0+es1g61TeJzAMxfgDcmcA==}
    engines: {node: '>=12'}
    cpu: [ia32]
    os: [linux]
    requiresBuild: true
    dev: true
    optional: true

  /@esbuild/linux-loong64@0.18.0:
    resolution: {integrity: sha512-PBr8Lf+L8amvheTGFVNK/0qionszkOKMq2WyfFlVz8D41v0+uSth6fYYHwtASkMk4xf+oh0vW8NYuav3/3RHuQ==}
    engines: {node: '>=12'}
    cpu: [loong64]
    os: [linux]
    requiresBuild: true
    dev: true
    optional: true

  /@esbuild/linux-mips64el@0.18.0:
    resolution: {integrity: sha512-Lg4ygah5bwfDDCOMFsBJjSVbD1UzNwWt4f7DhpaSIFOrJqoECX1VTByKw3iSDAVRlwl1cljlfy7wlysrRZcdiQ==}
    engines: {node: '>=12'}
    cpu: [mips64el]
    os: [linux]
    requiresBuild: true
    dev: true
    optional: true

  /@esbuild/linux-ppc64@0.18.0:
    resolution: {integrity: sha512-obz/firdtou244DIjHzdKmJChwGseqA3tWGa6xPMfuq54Ca4Pp1a4ANMrqy2IZ67rfpRHcJTlb2h3rSfW6tvAA==}
    engines: {node: '>=12'}
    cpu: [ppc64]
    os: [linux]
    requiresBuild: true
    dev: true
    optional: true

  /@esbuild/linux-riscv64@0.18.0:
    resolution: {integrity: sha512-UkuBdxQsxi39wWrRLMOkJl//82/hpQw79TD+OBLw3IBYyVQ4Wfvpe56RfEGK/j439sIm79ccnD5RUNQceHvZdQ==}
    engines: {node: '>=12'}
    cpu: [riscv64]
    os: [linux]
    requiresBuild: true
    dev: true
    optional: true

  /@esbuild/linux-s390x@0.18.0:
    resolution: {integrity: sha512-MgyuC30oYB465hyAqsb3EH6Y4zTeqqgixRAOpsDNMCelyDiW9ZDPXvMPfBgCZGJlDZFGKDm2I9ou8E3VI+v7pg==}
    engines: {node: '>=12'}
    cpu: [s390x]
    os: [linux]
    requiresBuild: true
    dev: true
    optional: true

  /@esbuild/linux-x64@0.18.0:
    resolution: {integrity: sha512-oLLKU3F4pKWAsNmfi7Rd4qkj0qvg1S923ZjlcISA2IMgHsODA9xzwerqWayI5nOhLGgKXviDofn9exTeA4EUQQ==}
    engines: {node: '>=12'}
    cpu: [x64]
    os: [linux]
    requiresBuild: true
    dev: true
    optional: true

  /@esbuild/netbsd-x64@0.18.0:
    resolution: {integrity: sha512-BEfJrZsZ/gMtpS2vC+2YoFGxmfLKiYQvj8lZrBfjKzQrwyMpH53CzQJj9ypOx9ldjM/MVxf9i9wi/rS4BWV7WA==}
    engines: {node: '>=12'}
    cpu: [x64]
    os: [netbsd]
    requiresBuild: true
    dev: true
    optional: true

  /@esbuild/openbsd-x64@0.18.0:
    resolution: {integrity: sha512-eDolHeG3REnEIgwl7Lw2S0znUMY4PFVtCAzLKqdRO0HD+iPKJR8n2MEJJyhPdUjcobo8SEQ2AG6gtYfft9VFHg==}
    engines: {node: '>=12'}
    cpu: [x64]
    os: [openbsd]
    requiresBuild: true
    dev: true
    optional: true

  /@esbuild/sunos-x64@0.18.0:
    resolution: {integrity: sha512-kl7vONem2wmRQke015rSrknmc6TYXKVNs2quiVTdvkSufscrjegpNqKyP7v6EHqXtvkzrB92ySjpfzazKG627g==}
    engines: {node: '>=12'}
    cpu: [x64]
    os: [sunos]
    requiresBuild: true
    dev: true
    optional: true

  /@esbuild/win32-arm64@0.18.0:
    resolution: {integrity: sha512-WohArFQ3HStBu9MAsx3JUk2wfC2v8QoadnMoNfx3Y26ac54tD/wQhPzw4QOzQbSqOFqzIMLKWbxindTsko+9OA==}
    engines: {node: '>=12'}
    cpu: [arm64]
    os: [win32]
    requiresBuild: true
    dev: true
    optional: true

  /@esbuild/win32-ia32@0.18.0:
    resolution: {integrity: sha512-SdnpSOxpeoewYCurmfLVepLuhOAphWkGTxWHifFjp37DaUHwF1fpGzyxhZoXMt5MKGuAO5aE3c5668YYtno+9Q==}
    engines: {node: '>=12'}
    cpu: [ia32]
    os: [win32]
    requiresBuild: true
    dev: true
    optional: true

  /@esbuild/win32-x64@0.18.0:
    resolution: {integrity: sha512-WJxImv0Pehpbo+pgg7Xrn88/b6ZzSweNHTw/2LW95JjeQUIS6ToJeQmjAdud9H3yiHJmhLOmEAOvUdNLhptD0w==}
    engines: {node: '>=12'}
    cpu: [x64]
    os: [win32]
    requiresBuild: true
    dev: true
    optional: true

  /@types/node@20.3.0:
    resolution: {integrity: sha512-cumHmIAf6On83X7yP+LrsEyUOf/YlociZelmpRYaGFydoaPdxdt80MAbu6vWerQT2COCp2nPvHdsbD7tHn/YlQ==}
    dev: true

  /@types/vscode@1.62.0:
    resolution: {integrity: sha512-iGlQJ1w5e3qPUryroO6v4lxg3ql1ztdTCwQW3xEwFawdyPLoeUSv48SYfMwc7kQA7h6ThUqflZIjgKAykeF9oA==}
    dev: true

  /balanced-match@1.0.2:
    resolution: {integrity: sha512-3oSeUO0TMV67hN1AmbXsK4yaqU7tjiHlbxRDZOpH0KW9+CeX4bRAaX0Anxt0tx2MrpRpWwQaPwIlISEJhYU5Pw==}
    dev: true

  /brace-expansion@2.0.1:
    resolution: {integrity: sha512-XnAIvQ8eM+kC6aULx6wuQiwVsnzsi9d3WxzV3FpWTGA19F621kwdbsAcFKXgKUHZWsy+mY6iL1sHTxWEFCytDA==}
    dependencies:
      balanced-match: 1.0.2
    dev: true

  /esbuild-plugin-wasm@1.1.0:
    resolution: {integrity: sha512-0bQ6+1tUbySSnxzn5jnXHMDvYnT0cN/Wd4Syk8g/sqAIJUg7buTIi22svS3Qz6ssx895NT+TgLPb33xi1OkZig==}
    engines: {node: '>=0.10.0'}
    dev: true

  /esbuild@0.18.0:
    resolution: {integrity: sha512-/2sQaWHNX2jkglLu85EjmEAR2ANpKOa1kp2rAE3wjKcuYjEHFlB+D60tn6W9BRgHiAQEKYtl4hEygKWothfDEA==}
    engines: {node: '>=12'}
    hasBin: true
    requiresBuild: true
    optionalDependencies:
      '@esbuild/android-arm': 0.18.0
      '@esbuild/android-arm64': 0.18.0
      '@esbuild/android-x64': 0.18.0
      '@esbuild/darwin-arm64': 0.18.0
      '@esbuild/darwin-x64': 0.18.0
      '@esbuild/freebsd-arm64': 0.18.0
      '@esbuild/freebsd-x64': 0.18.0
      '@esbuild/linux-arm': 0.18.0
      '@esbuild/linux-arm64': 0.18.0
      '@esbuild/linux-ia32': 0.18.0
      '@esbuild/linux-loong64': 0.18.0
      '@esbuild/linux-mips64el': 0.18.0
      '@esbuild/linux-ppc64': 0.18.0
      '@esbuild/linux-riscv64': 0.18.0
      '@esbuild/linux-s390x': 0.18.0
      '@esbuild/linux-x64': 0.18.0
      '@esbuild/netbsd-x64': 0.18.0
      '@esbuild/openbsd-x64': 0.18.0
      '@esbuild/sunos-x64': 0.18.0
      '@esbuild/win32-arm64': 0.18.0
      '@esbuild/win32-ia32': 0.18.0
      '@esbuild/win32-x64': 0.18.0
    dev: true

  /lru-cache@6.0.0:
    resolution: {integrity: sha512-Jo6dJ04CmSjuznwJSS3pUeWmd/H0ffTlkXXgwZi+eq1UCmqQwCh+eLsYOYCwY991i2Fah4h1BEMCx4qThGbsiA==}
    engines: {node: '>=10'}
    dependencies:
      yallist: 4.0.0
    dev: true

  /minimatch@5.1.6:
    resolution: {integrity: sha512-lKwV/1brpG6mBUFHtb7NUmtABCb2WZZmm2wNiOA5hAb8VdCS4B3dtMWyvcoViccwAW/COERjXLt0zP1zXUN26g==}
    engines: {node: '>=10'}
    dependencies:
      brace-expansion: 2.0.1
    dev: true

  /semver@7.3.8:
    resolution: {integrity: sha512-NB1ctGL5rlHrPJtFDVIVzTyQylMLu9N9VICA6HSFJo8MCGVTMW6gfpicwKmmK/dAjTOrqu5l63JJOpDSrAis3A==}
    engines: {node: '>=10'}
    hasBin: true
    dependencies:
      lru-cache: 6.0.0
    dev: true

  /vscode-jsonrpc@8.1.0:
    resolution: {integrity: sha512-6TDy/abTQk+zDGYazgbIPc+4JoXdwC8NHU9Pbn4UJP1fehUyZmM4RHp5IthX7A6L5KS30PRui+j+tbbMMMafdw==}
    engines: {node: '>=14.0.0'}
    dev: true

  /vscode-languageclient@8.1.0:
    resolution: {integrity: sha512-GL4QdbYUF/XxQlAsvYWZRV3V34kOkpRlvV60/72ghHfsYFnS/v2MANZ9P6sHmxFcZKOse8O+L9G7Czg0NUWing==}
    engines: {vscode: ^1.67.0}
    dependencies:
      minimatch: 5.1.6
      semver: 7.3.8
      vscode-languageserver-protocol: 3.17.3
    dev: true

  /vscode-languageserver-protocol@3.17.3:
    resolution: {integrity: sha512-924/h0AqsMtA5yK22GgMtCYiMdCOtWTSGgUOkgEDX+wk2b0x4sAfLiO4NxBxqbiVtz7K7/1/RgVrVI0NClZwqA==}
    dependencies:
      vscode-jsonrpc: 8.1.0
      vscode-languageserver-types: 3.17.3
    dev: true

  /vscode-languageserver-types@3.17.3:
    resolution: {integrity: sha512-SYU4z1dL0PyIMd4Vj8YOqFvHu7Hz/enbWtpfnVbJHU4Nd1YNYx8u0ennumc6h48GQNeOLxmwySmnADouT/AuZA==}
    dev: true

  /yallist@4.0.0:
    resolution: {integrity: sha512-3wdGidZyq5PB084XLES5TpOSRA3wjXAlIWMhum2kRcv/41Sn2emQ0dycQW4uZXLejwKvg6EsvbdlVL+FYEct7A==}
    dev: true
